
Microsoft Visual Studio Solution File, Format Version 12.00
# Visual Studio Version 17
VisualStudioVersion = 17.5.33530.505
MinimumVisualStudioVersion = 10.0.40219.1
Project("{FAE04EC0-301F-11D3-BF4B-00C04F79EFBC}") = "UserDataMail", "UserDataMail.csproj", "{217C4EE0-9982-4384-A0CE-E80D923F9107}"
EndProject
Global
	GlobalSection(SolutionConfigurationPlatforms) = preSolution
		Debug|Any CPU = Debug|Any CPU
		Release|Any CPU = Release|Any CPU
	EndGlobalSection
	GlobalSection(ProjectConfigurationPlatforms) = postSolution
		{217C4EE0-9982-4384-A0CE-E80D923F9107}.Debug|Any CPU.ActiveCfg = Debug|Any CPU
		{217C4EE0-9982-4384-A0CE-E80D923F9107}.Debug|Any CPU.Build.0 = Debug|Any CPU
		{217C4EE0-9982-4384-A0CE-E80D923F9107}.Release|Any CPU.ActiveCfg = Release|Any CPU
		{217C4EE0-9982-4384-A0CE-E80D923F9107}.Release|Any CPU.Build.0 = Release|Any CPU
	EndGlobalSection
	GlobalSection(SolutionProperties) = preSolution
		HideSolutionNode = FALSE
	EndGlobalSection
	GlobalSection(ExtensibilityGlobals) = postSolution
		SolutionGuid = {4D90CC0E-EB3A-4CF8-A072-7A523D5F9B8B}
	EndGlobalSection
EndGlobal
